
Microsoft Visual Studio Solution File, Format Version 11.00
# Visual Studio 2010
Project("{8BC9CEB8-8B4A-11D0-8D11-00A0C91BC942}") = "TranMap", "TranMap\TranMap.vcxproj", "{0FD840C5-D814-403F-B40C-49012E3C52FF}"
EndProject
Global
	GlobalSection(SolutionConfigurationPlatforms) = preSolution
		Debug|Win32 = Debug|Win32
		Release|Win32 = Release|Win32
	EndGlobalSection
	GlobalSection(ProjectConfigurationPlatforms) = postSolution
		{0FD840C5-D814-403F-B40C-49012E3C52FF}.Debug|Win32.ActiveCfg = Debug|Win32
		{0FD840C5-D814-403F-B40C-49012E3C52FF}.Debug|Win32.Build.0 = Debug|Win32
		{0FD840C5-D814-403F-B40C-49012E3C52FF}.Release|Win32.ActiveCfg = Release|Win32
		{0FD840C5-D814-403F-B40C-49012E3C52FF}.Release|Win32.Build.0 = Release|Win32
	EndGlobalSection
	GlobalSection(SolutionProperties) = preSolution
		HideSolutionNode = FALSE
	EndGlobalSection
EndGlobal
